// !$*UTF8*$!
{
	archiveVersion = 1;
	classes = {
	};
	objectVersion = 51;
	objects = {

/* Begin PBXBuildFile section */
		7478D6B19342DB9565A08B96 /* Pods_Example_Swift.framework in Frameworks */ = {isa = PBXBuildFile; fileRef = DDF0A66B95478CB8F883E0F9 /* Pods_Example_Swift.framework */; };
		CA8220562480B9DD00F1BB23 /* Main.storyboard in Resources */ = {isa = PBXBuildFile; fileRef = D699ABDF2463E64C00096476 /* Main.storyboard */; };
		CA8220572480B9DD00F1BB23 /* LaunchScreen.storyboard in Resources */ = {isa = PBXBuildFile; fileRef = D699ABE42463E64D00096476 /* LaunchScreen.storyboard */; };
		CA9D2D4A25132BE3007D88AC /* UIViewController.swift in Sources */ = {isa = PBXBuildFile; fileRef = CA9D2D4925132BE3007D88AC /* UIViewController.swift */; };
		D699ABDA2463E64C00096476 /* AppDelegate.swift in Sources */ = {isa = PBXBuildFile; fileRef = D699ABD92463E64C00096476 /* AppDelegate.swift */; };
		D699ABDE2463E64C00096476 /* ViewController.swift in Sources */ = {isa = PBXBuildFile; fileRef = D699ABDD2463E64C00096476 /* ViewController.swift */; };
		D699ABE32463E64D00096476 /* Assets.xcassets in Resources */ = {isa = PBXBuildFile; fileRef = D699ABE22463E64D00096476 /* Assets.xcassets */; };
/* End PBXBuildFile section */

/* Begin PBXFileReference section */
		264C92B318622B55D6F5B01A /* Pods-Example-Swift.release.xcconfig */ = {isa = PBXFileReference; includeInIndex = 1; lastKnownFileType = text.xcconfig; name = "Pods-Example-Swift.release.xcconfig"; path = "Target Support Files/Pods-Example-Swift/Pods-Example-Swift.release.xcconfig"; sourceTree = "<group>"; };
		B2D80E4D15911AE2BC885F4F /* Pods-Example-Swift.debug.xcconfig */ = {isa = PBXFileReference; includeInIndex = 1; lastKnownFileType = text.xcconfig; name = "Pods-Example-Swift.debug.xcconfig"; path = "Target Support Files/Pods-Example-Swift/Pods-Example-Swift.debug.xcconfig"; sourceTree = "<group>"; };
		CA6FB41224936E2B00675797 /* ECPayPaymentGatewayKit.framework */ = {isa = PBXFileReference; explicitFileType = wrapper.framework; path = ECPayPaymentGatewayKit.framework; sourceTree = BUILT_PRODUCTS_DIR; };
		CA8220512480B9B100F1BB23 /* ECPayPaymentGatewayKit.framework */ = {isa = PBXFileReference; explicitFileType = wrapper.framework; path = ECPayPaymentGatewayKit.framework; sourceTree = BUILT_PRODUCTS_DIR; };
		CA9D2D4925132BE3007D88AC /* UIViewController.swift */ = {isa = PBXFileReference; fileEncoding = 4; lastKnownFileType = sourcecode.swift; path = UIViewController.swift; sourceTree = "<group>"; };
		D699ABD62463E64C00096476 /* Example-Swift.app */ = {isa = PBXFileReference; explicitFileType = wrapper.application; includeInIndex = 0; path = "Example-Swift.app"; sourceTree = BUILT_PRODUCTS_DIR; };
		D699ABD92463E64C00096476 /* AppDelegate.swift */ = {isa = PBXFileReference; lastKnownFileType = sourcecode.swift; path = AppDelegate.swift; sourceTree = "<group>"; };
		D699ABDD2463E64C00096476 /* ViewController.swift */ = {isa = PBXFileReference; lastKnownFileType = sourcecode.swift; path = ViewController.swift; sourceTree = "<group>"; };
		D699ABE02463E64C00096476 /* Base */ = {isa = PBXFileReference; lastKnownFileType = file.storyboard; name = Base; path = Base.lproj/Main.storyboard; sourceTree = "<group>"; };
		D699ABE22463E64D00096476 /* Assets.xcassets */ = {isa = PBXFileReference; lastKnownFileType = folder.assetcatalog; path = Assets.xcassets; sourceTree = "<group>"; };
		D699ABE52463E64D00096476 /* Base */ = {isa = PBXFileReference; lastKnownFileType = file.storyboard; name = Base; path = Base.lproj/LaunchScreen.storyboard; sourceTree = "<group>"; };
		D699ABE72463E64D00096476 /* Info.plist */ = {isa = PBXFileReference; lastKnownFileType = text.plist.xml; path = Info.plist; sourceTree = "<group>"; };
		D699ABEE2463E71900096476 /* ECPayPaymentGatewayKit.framework */ = {isa = PBXFileReference; explicitFileType = wrapper.framework; path = ECPayPaymentGatewayKit.framework; sourceTree = BUILT_PRODUCTS_DIR; };
		DDF0A66B95478CB8F883E0F9 /* Pods_Example_Swift.framework */ = {isa = PBXFileReference; explicitFileType = wrapper.framework; includeInIndex = 0; path = Pods_Example_Swift.framework; sourceTree = BUILT_PRODUCTS_DIR; };
/* End PBXFileReference section */

/* Begin PBXFrameworksBuildPhase section */
		D699ABD32463E64C00096476 /* Frameworks */ = {
			isa = PBXFrameworksBuildPhase;
			buildActionMask = 2147483647;
			files = (
				7478D6B19342DB9565A08B96 /* Pods_Example_Swift.framework in Frameworks */,
			);
			runOnlyForDeploymentPostprocessing = 0;
		};
/* End PBXFrameworksBuildPhase section */

/* Begin PBXGroup section */
		A03D5396F253144C2F0F4A4E /* Pods */ = {
			isa = PBXGroup;
			children = (
				B2D80E4D15911AE2BC885F4F /* Pods-Example-Swift.debug.xcconfig */,
				264C92B318622B55D6F5B01A /* Pods-Example-Swift.release.xcconfig */,
			);
			name = Pods;
			path = ../Pods;
			sourceTree = "<group>";
		};
		CA9D2D4825132BB5007D88AC /* extensions */ = {
			isa = PBXGroup;
			children = (
				CA9D2D4925132BE3007D88AC /* UIViewController.swift */,
			);
			path = extensions;
			sourceTree = "<group>";
		};
		D699ABCD2463E64C00096476 = {
			isa = PBXGroup;
			children = (
				D699ABD82463E64C00096476 /* Example-Swift */,
				D699ABD72463E64C00096476 /* Products */,
				D699ABED2463E71900096476 /* Frameworks */,
				A03D5396F253144C2F0F4A4E /* Pods */,
			);
			sourceTree = "<group>";
		};
		D699ABD72463E64C00096476 /* Products */ = {
			isa = PBXGroup;
			children = (
				D699ABD62463E64C00096476 /* Example-Swift.app */,
			);
			name = Products;
			sourceTree = "<group>";
		};
		D699ABD82463E64C00096476 /* Example-Swift */ = {
			isa = PBXGroup;
			children = (
				CA9D2D4825132BB5007D88AC /* extensions */,
				D699ABE72463E64D00096476 /* Info.plist */,
				D699ABD92463E64C00096476 /* AppDelegate.swift */,
				D699ABDD2463E64C00096476 /* ViewController.swift */,
				D699ABE22463E64D00096476 /* Assets.xcassets */,
				D699ABE42463E64D00096476 /* LaunchScreen.storyboard */,
				D699ABDF2463E64C00096476 /* Main.storyboard */,
			);
			path = "Example-Swift";
			sourceTree = "<group>";
		};
		D699ABED2463E71900096476 /* Frameworks */ = {
			isa = PBXGroup;
			children = (
				CA6FB41224936E2B00675797 /* ECPayPaymentGatewayKit.framework */,
				CA8220512480B9B100F1BB23 /* ECPayPaymentGatewayKit.framework */,
				D699ABEE2463E71900096476 /* ECPayPaymentGatewayKit.framework */,
				DDF0A66B95478CB8F883E0F9 /* Pods_Example_Swift.framework */,
			);
			name = Frameworks;
			sourceTree = "<group>";
		};
/* End PBXGroup section */

/* Begin PBXNativeTarget section */
		D699ABD52463E64C00096476 /* Example-Swift */ = {
			isa = PBXNativeTarget;
			buildConfigurationList = D699ABEA2463E64D00096476 /* Build configuration list for PBXNativeTarget "Example-Swift" */;
			buildPhases = (
				C2BC85506F3C1EC46B476085 /* [CP] Check Pods Manifest.lock */,
				D699ABD22463E64C00096476 /* Sources */,
				D699ABD32463E64C00096476 /* Frameworks */,
				D699ABD42463E64C00096476 /* Resources */,
				CA8220592480BABC00F1BB23 /* Run Script Archive 移除 framework i386 x86_64 */,
				ABEFEECE874256A36391980F /* [CP] Embed Pods Frameworks */,
			);
			buildRules = (
			);
			dependencies = (
			);
			name = "Example-Swift";
			productName = "Example-Swift";
			productReference = D699ABD62463E64C00096476 /* Example-Swift.app */;
			productType = "com.apple.product-type.application";
		};
/* End PBXNativeTarget section */

/* Begin PBXProject section */
		D699ABCE2463E64C00096476 /* Project object */ = {
			isa = PBXProject;
			attributes = {
				LastSwiftUpdateCheck = 1120;
				LastUpgradeCheck = 1120;
				ORGANIZATIONNAME = GWPaymentGateway;
				TargetAttributes = {
					D699ABD52463E64C00096476 = {
						CreatedOnToolsVersion = 11.2.1;
					};
				};
			};
			buildConfigurationList = D699ABD12463E64C00096476 /* Build configuration list for PBXProject "Example-Swift" */;
			compatibilityVersion = "Xcode 9.3";
			developmentRegion = en;
			hasScannedForEncodings = 0;
			knownRegions = (
				en,
				Base,
			);
			mainGroup = D699ABCD2463E64C00096476;
			productRefGroup = D699ABD72463E64C00096476 /* Products */;
			projectDirPath = "";
			projectRoot = "";
			targets = (
				D699ABD52463E64C00096476 /* Example-Swift */,
			);
		};
/* End PBXProject section */

/* Begin PBXResourcesBuildPhase section */
		D699ABD42463E64C00096476 /* Resources */ = {
			isa = PBXResourcesBuildPhase;
			buildActionMask = 2147483647;
			files = (
				CA8220562480B9DD00F1BB23 /* Main.storyboard in Resources */,
				CA8220572480B9DD00F1BB23 /* LaunchScreen.storyboard in Resources */,
				D699ABE32463E64D00096476 /* Assets.xcassets in Resources */,
			);
			runOnlyForDeploymentPostprocessing = 0;
		};
/* End PBXResourcesBuildPhase section */

/* Begin PBXShellScriptBuildPhase section */
		ABEFEECE874256A36391980F /* [CP] Embed Pods Frameworks */ = {
			isa = PBXShellScriptBuildPhase;
			buildActionMask = 2147483647;
			files = (
			);
			inputFileListPaths = (
				"${PODS_ROOT}/Target Support Files/Pods-Example-Swift/Pods-Example-Swift-frameworks-${CONFIGURATION}-input-files.xcfilelist",
			);
			name = "[CP] Embed Pods Frameworks";
			outputFileListPaths = (
				"${PODS_ROOT}/Target Support Files/Pods-Example-Swift/Pods-Example-Swift-frameworks-${CONFIGURATION}-output-files.xcfilelist",
			);
			runOnlyForDeploymentPostprocessing = 0;
			shellPath = /bin/sh;
			shellScript = "\"${PODS_ROOT}/Target Support Files/Pods-Example-Swift/Pods-Example-Swift-frameworks.sh\"\n";
			showEnvVarsInLog = 0;
		};
		C2BC85506F3C1EC46B476085 /* [CP] Check Pods Manifest.lock */ = {
			isa = PBXShellScriptBuildPhase;
			buildActionMask = 2147483647;
			files = (
			);
			inputFileListPaths = (
			);
			inputPaths = (
				"${PODS_PODFILE_DIR_PATH}/Podfile.lock",
				"${PODS_ROOT}/Manifest.lock",
			);
			name = "[CP] Check Pods Manifest.lock";
			outputFileListPaths = (
			);
			outputPaths = (
				"$(DERIVED_FILE_DIR)/Pods-Example-Swift-checkManifestLockResult.txt",
			);
			runOnlyForDeploymentPostprocessing = 0;
			shellPath = /bin/sh;
			shellScript = "diff \"${PODS_PODFILE_DIR_PATH}/Podfile.lock\" \"${PODS_ROOT}/Manifest.lock\" > /dev/null\nif [ $? != 0 ] ; then\n    # print error to STDERR\n    echo \"error: The sandbox is not in sync with the Podfile.lock. Run 'pod install' or update your CocoaPods installation.\" >&2\n    exit 1\nfi\n# This output is used by Xcode 'outputs' to avoid re-running this script phase.\necho \"SUCCESS\" > \"${SCRIPT_OUTPUT_FILE_0}\"\n";
			showEnvVarsInLog = 0;
		};
		CA8220592480BABC00F1BB23 /* Run Script Archive 移除 framework i386 x86_64 */ = {
			isa = PBXShellScriptBuildPhase;
			buildActionMask = 2147483647;
			files = (
			);
			inputFileListPaths = (
			);
			inputPaths = (
			);
			name = "Run Script Archive 移除 framework i386 x86_64";
			outputFileListPaths = (
			);
			outputPaths = (
			);
			runOnlyForDeploymentPostprocessing = 0;
			shellPath = /bin/sh;
			shellScript = "echo \"Target architectures: $ARCHS\"\n\nAPP_PATH=\"${TARGET_BUILD_DIR}/${WRAPPER_NAME}\"\n\nfind \"$APP_PATH\" -name '*.framework' -type d | while read -r FRAMEWORK\ndo\nFRAMEWORK_EXECUTABLE_NAME=$(defaults read \"$FRAMEWORK/Info.plist\" CFBundleExecutable)\nFRAMEWORK_EXECUTABLE_PATH=\"$FRAMEWORK/$FRAMEWORK_EXECUTABLE_NAME\"\necho \"Executable is $FRAMEWORK_EXECUTABLE_PATH\"\necho $(lipo -info \"$FRAMEWORK_EXECUTABLE_PATH\")\n\nFRAMEWORK_TMP_PATH=\"$FRAMEWORK_EXECUTABLE_PATH-tmp\"\n\n# remove simulator's archs if location is not simulator's directory\ncase \"${TARGET_BUILD_DIR}\" in\n*\"iphonesimulator\")\necho \"No need to remove archs\"\n;;\n*)\nif $(lipo \"$FRAMEWORK_EXECUTABLE_PATH\" -verify_arch \"i386\") ; then\nlipo -output \"$FRAMEWORK_TMP_PATH\" -remove \"i386\" \"$FRAMEWORK_EXECUTABLE_PATH\"\necho \"i386 architecture removed\"\nrm \"$FRAMEWORK_EXECUTABLE_PATH\"\nmv \"$FRAMEWORK_TMP_PATH\" \"$FRAMEWORK_EXECUTABLE_PATH\"\nfi\nif $(lipo \"$FRAMEWORK_EXECUTABLE_PATH\" -verify_arch \"x86_64\") ; then\nlipo -output \"$FRAMEWORK_TMP_PATH\" -remove \"x86_64\" \"$FRAMEWORK_EXECUTABLE_PATH\"\necho \"x86_64 architecture removed\"\nrm \"$FRAMEWORK_EXECUTABLE_PATH\"\nmv \"$FRAMEWORK_TMP_PATH\" \"$FRAMEWORK_EXECUTABLE_PATH\"\nfi\n;;\nesac\n\necho \"Completed for executable $FRAMEWORK_EXECUTABLE_PATH\"\necho $(lipo -info \"$FRAMEWORK_EXECUTABLE_PATH\")\n\ndone\n";
		};
/* End PBXShellScriptBuildPhase section */

/* Begin PBXSourcesBuildPhase section */
		D699ABD22463E64C00096476 /* Sources */ = {
			isa = PBXSourcesBuildPhase;
			buildActionMask = 2147483647;
			files = (
				D699ABDE2463E64C00096476 /* ViewController.swift in Sources */,
				CA9D2D4A25132BE3007D88AC /* UIViewController.swift in Sources */,
				D699ABDA2463E64C00096476 /* AppDelegate.swift in Sources */,
			);
			runOnlyForDeploymentPostprocessing = 0;
		};
/* End PBXSourcesBuildPhase section */

/* Begin PBXVariantGroup section */
		D699ABDF2463E64C00096476 /* Main.storyboard */ = {
			isa = PBXVariantGroup;
			children = (
				D699ABE02463E64C00096476 /* Base */,
			);
			name = Main.storyboard;
			sourceTree = "<group>";
		};
		D699ABE42463E64D00096476 /* LaunchScreen.storyboard */ = {
			isa = PBXVariantGroup;
			children = (
				D699ABE52463E64D00096476 /* Base */,
			);
			name = LaunchScreen.storyboard;
			sourceTree = "<group>";
		};
/* End PBXVariantGroup section */

/* Begin XCBuildConfiguration section */
		D699ABE82463E64D00096476 /* Debug */ = {
			isa = XCBuildConfiguration;
			buildSettings = {
				ALWAYS_SEARCH_USER_PATHS = NO;
				CLANG_ANALYZER_NONNULL = YES;
				CLANG_ANALYZER_NUMBER_OBJECT_CONVERSION = YES_AGGRESSIVE;
				CLANG_CXX_LANGUAGE_STANDARD = "gnu++14";
				CLANG_CXX_LIBRARY = "libc++";
				CLANG_ENABLE_MODULES = YES;
				CLANG_ENABLE_OBJC_ARC = YES;
				CLANG_ENABLE_OBJC_WEAK = YES;
				CLANG_WARN_BLOCK_CAPTURE_AUTORELEASING = YES;
				CLANG_WARN_BOOL_CONVERSION = YES;
				CLANG_WARN_COMMA = YES;
				CLANG_WARN_CONSTANT_CONVERSION = YES;
				CLANG_WARN_DEPRECATED_OBJC_IMPLEMENTATIONS = YES;
				CLANG_WARN_DIRECT_OBJC_ISA_USAGE = YES_ERROR;
				CLANG_WARN_DOCUMENTATION_COMMENTS = YES;
				CLANG_WARN_EMPTY_BODY = YES;
				CLANG_WARN_ENUM_CONVERSION = YES;
				CLANG_WARN_INFINITE_RECURSION = YES;
				CLANG_WARN_INT_CONVERSION = YES;
				CLANG_WARN_NON_LITERAL_NULL_CONVERSION = YES;
				CLANG_WARN_OBJC_IMPLICIT_RETAIN_SELF = YES;
				CLANG_WARN_OBJC_LITERAL_CONVERSION = YES;
				CLANG_WARN_OBJC_ROOT_CLASS = YES_ERROR;
				CLANG_WARN_RANGE_LOOP_ANALYSIS = YES;
				CLANG_WARN_STRICT_PROTOTYPES = YES;
				CLANG_WARN_SUSPICIOUS_MOVE = YES;
				CLANG_WARN_UNGUARDED_AVAILABILITY = YES_AGGRESSIVE;
				CLANG_WARN_UNREACHABLE_CODE = YES;
				CLANG_WARN__DUPLICATE_METHOD_MATCH = YES;
				COPY_PHASE_STRIP = NO;
				DEBUG_INFORMATION_FORMAT = dwarf;
				ENABLE_STRICT_OBJC_MSGSEND = YES;
				ENABLE_TESTABILITY = YES;
				GCC_C_LANGUAGE_STANDARD = gnu11;
				GCC_DYNAMIC_NO_PIC = NO;
				GCC_NO_COMMON_BLOCKS = YES;
				GCC_OPTIMIZATION_LEVEL = 0;
				GCC_PREPROCESSOR_DEFINITIONS = (
					"DEBUG=1",
					"$(inherited)",
				);
				GCC_WARN_64_TO_32_BIT_CONVERSION = YES;
				GCC_WARN_ABOUT_RETURN_TYPE = YES_ERROR;
				GCC_WARN_UNDECLARED_SELECTOR = YES;
				GCC_WARN_UNINITIALIZED_AUTOS = YES_AGGRESSIVE;
				GCC_WARN_UNUSED_FUNCTION = YES;
				GCC_WARN_UNUSED_VARIABLE = YES;
				IPHONEOS_DEPLOYMENT_TARGET = 13.2;
				MTL_ENABLE_DEBUG_INFO = INCLUDE_SOURCE;
				MTL_FAST_MATH = YES;
				ONLY_ACTIVE_ARCH = YES;
				SDKROOT = iphoneos;
				SWIFT_ACTIVE_COMPILATION_CONDITIONS = DEBUG;
				SWIFT_OPTIMIZATION_LEVEL = "-Onone";
			};
			name = Debug;
		};
		D699ABE92463E64D00096476 /* Release */ = {
			isa = XCBuildConfiguration;
			buildSettings = {
				ALWAYS_SEARCH_USER_PATHS = NO;
				CLANG_ANALYZER_NONNULL = YES;
				CLANG_ANALYZER_NUMBER_OBJECT_CONVERSION = YES_AGGRESSIVE;
				CLANG_CXX_LANGUAGE_STANDARD = "gnu++14";
				CLANG_CXX_LIBRARY = "libc++";
				CLANG_ENABLE_MODULES = YES;
				CLANG_ENABLE_OBJC_ARC = YES;
				CLANG_ENABLE_OBJC_WEAK = YES;
				CLANG_WARN_BLOCK_CAPTURE_AUTORELEASING = YES;
				CLANG_WARN_BOOL_CONVERSION = YES;
				CLANG_WARN_COMMA = YES;
				CLANG_WARN_CONSTANT_CONVERSION = YES;
				CLANG_WARN_DEPRECATED_OBJC_IMPLEMENTATIONS = YES;
				CLANG_WARN_DIRECT_OBJC_ISA_USAGE = YES_ERROR;
				CLANG_WARN_DOCUMENTATION_COMMENTS = YES;
				CLANG_WARN_EMPTY_BODY = YES;
				CLANG_WARN_ENUM_CONVERSION = YES;
				CLANG_WARN_INFINITE_RECURSION = YES;
				CLANG_WARN_INT_CONVERSION = YES;
				CLANG_WARN_NON_LITERAL_NULL_CONVERSION = YES;
				CLANG_WARN_OBJC_IMPLICIT_RETAIN_SELF = YES;
				CLANG_WARN_OBJC_LITERAL_CONVERSION = YES;
				CLANG_WARN_OBJC_ROOT_CLASS = YES_ERROR;
				CLANG_WARN_RANGE_LOOP_ANALYSIS = YES;
				CLANG_WARN_STRICT_PROTOTYPES = YES;
				CLANG_WARN_SUSPICIOUS_MOVE = YES;
				CLANG_WARN_UNGUARDED_AVAILABILITY = YES_AGGRESSIVE;
				CLANG_WARN_UNREACHABLE_CODE = YES;
				CLANG_WARN__DUPLICATE_METHOD_MATCH = YES;
				COPY_PHASE_STRIP = NO;
				DEBUG_INFORMATION_FORMAT = "dwarf-with-dsym";
				ENABLE_NS_ASSERTIONS = NO;
				ENABLE_STRICT_OBJC_MSGSEND = YES;
				GCC_C_LANGUAGE_STANDARD = gnu11;
				GCC_NO_COMMON_BLOCKS = YES;
				GCC_WARN_64_TO_32_BIT_CONVERSION = YES;
				GCC_WARN_ABOUT_RETURN_TYPE = YES_ERROR;
				GCC_WARN_UNDECLARED_SELECTOR = YES;
				GCC_WARN_UNINITIALIZED_AUTOS = YES_AGGRESSIVE;
				GCC_WARN_UNUSED_FUNCTION = YES;
				GCC_WARN_UNUSED_VARIABLE = YES;
				IPHONEOS_DEPLOYMENT_TARGET = 13.2;
				MTL_ENABLE_DEBUG_INFO = NO;
				MTL_FAST_MATH = YES;
				SDKROOT = iphoneos;
				SWIFT_COMPILATION_MODE = wholemodule;
				SWIFT_OPTIMIZATION_LEVEL = "-O";
				VALIDATE_PRODUCT = YES;
			};
			name = Release;
		};
		D699ABEB2463E64D00096476 /* Debug */ = {
			isa = XCBuildConfiguration;
			baseConfigurationReference = B2D80E4D15911AE2BC885F4F /* Pods-Example-Swift.debug.xcconfig */;
			buildSettings = {
				ASSETCATALOG_COMPILER_APPICON_NAME = AppIcon;
				CODE_SIGN_STYLE = Automatic;
				DEVELOPMENT_TEAM = 4L8ZYH7944;
				ENABLE_BITCODE = NO;
				INFOPLIST_FILE = "Example-Swift/Info.plist";
				IPHONEOS_DEPLOYMENT_TARGET = 10.0;
				LD_RUNPATH_SEARCH_PATHS = (
					"$(inherited)",
					"@executable_path/Frameworks",
				);
				PRODUCT_BUNDLE_IDENTIFIER = "tw.com.ecpay.ECPayPaymentGatewayKit.Example-Swift";
				PRODUCT_NAME = "Example-Swift";
				SWIFT_VERSION = 5.0;
				TARGETED_DEVICE_FAMILY = "1,2";
			};
			name = Debug;
		};
		D699ABEC2463E64D00096476 /* Release */ = {
			isa = XCBuildConfiguration;
			baseConfigurationReference = 264C92B318622B55D6F5B01A /* Pods-Example-Swift.release.xcconfig */;
			buildSettings = {
				ASSETCATALOG_COMPILER_APPICON_NAME = AppIcon;
				CODE_SIGN_STYLE = Automatic;
				DEVELOPMENT_TEAM = 4L8ZYH7944;
				ENABLE_BITCODE = NO;
				INFOPLIST_FILE = "Example-Swift/Info.plist";
				IPHONEOS_DEPLOYMENT_TARGET = 10.0;
				LD_RUNPATH_SEARCH_PATHS = (
					"$(inherited)",
					"@executable_path/Frameworks",
				);
				PRODUCT_BUNDLE_IDENTIFIER = "tw.com.ecpay.ECPayPaymentGatewayKit.Example-Swift";
				PRODUCT_NAME = "Example-Swift";
				SWIFT_VERSION = 5.0;
				TARGETED_DEVICE_FAMILY = "1,2";
			};
			name = Release;
		};
/* End XCBuildConfiguration section */

/* Begin XCConfigurationList section */
		D699ABD12463E64C00096476 /* Build configuration list for PBXProject "Example-Swift" */ = {
			isa = XCConfigurationList;
			buildConfigurations = (
				D699ABE82463E64D00096476 /* Debug */,
				D699ABE92463E64D00096476 /* Release */,
			);
			defaultConfigurationIsVisible = 0;
			defaultConfigurationName = Release;
		};
		D699ABEA2463E64D00096476 /* Build configuration list for PBXNativeTarget "Example-Swift" */ = {
			isa = XCConfigurationList;
			buildConfigurations = (
				D699ABEB2463E64D00096476 /* Debug */,
				D699ABEC2463E64D00096476 /* Release */,
			);
			defaultConfigurationIsVisible = 0;
			defaultConfigurationName = Release;
		};
/* End XCConfigurationList section */
	};
	rootObject = D699ABCE2463E64C00096476 /* Project object */;
}
